{
  "name": "esm-consumer",
  "version": "1.0.0",
  "lockfileVersion": 1,
  "requires": true,
  "dependencies": {
    "ts-build-octopus": {
      "version": "1.1.2",
      "resolved": "https://registry.npmjs.org/ts-build-octopus/-/ts-build-octopus-1.1.2.tgz",
      "integrity": "sha512-rIlsBmRFBRTrZvtvSpkaS1dEPOM80PsuU+Bmp1AK+CFsOMJcu142EiEN8EJp7zuFvN+GRpJstmYGGiSvqyT+pw=="
    }
  }
}
