{
  "name": "cjs-consumer",
  "version": "1.0.0",
  "lockfileVersion": 1,
  "requires": true,
  "dependencies": {
    "ts-build-octopus": {
      "version": "1.2.1",
      "resolved": "https://registry.npmjs.org/ts-build-octopus/-/ts-build-octopus-1.2.1.tgz",
      "integrity": "sha512-SHXJUsytGiUJ9+gBjdYmRjzmt8EzYsvdHHAO/pga3/i1EqGrBL4xhYrpY3gaYCPPxjTy38iZPbvI7y7N9yaLCA=="
    }
  }
}
